// !$*UTF8*$!
{
	archiveVersion = 1;
	classes = {
	};
	objectVersion = 50;
	objects = {

/* Begin PBXBuildFile section */
		33E5C43B247A08230028D0FB /* AppDelegate.swift in Sources */ = {isa = PBXBuildFile; fileRef = 33E5C43A247A08230028D0FB /* AppDelegate.swift */; };
		33E5C43D247A08230028D0FB /* SceneDelegate.swift in Sources */ = {isa = PBXBuildFile; fileRef = 33E5C43C247A08230028D0FB /* SceneDelegate.swift */; };
		33E5C43F247A08230028D0FB /* ViewController.swift in Sources */ = {isa = PBXBuildFile; fileRef = 33E5C43E247A08230028D0FB /* ViewController.swift */; };
		33E5C442247A08230028D0FB /* Main.storyboard in Resources */ = {isa = PBXBuildFile; fileRef = 33E5C440247A08230028D0FB /* Main.storyboard */; };
		33E5C444247A08290028D0FB /* Assets.xcassets in Resources */ = {isa = PBXBuildFile; fileRef = 33E5C443247A08290028D0FB /* Assets.xcassets */; };
		33E5C447247A08290028D0FB /* LaunchScreen.storyboard in Resources */ = {isa = PBXBuildFile; fileRef = 33E5C445247A08290028D0FB /* LaunchScreen.storyboard */; };
		33E5C452247A08290028D0FB /* bango2Tests.swift in Sources */ = {isa = PBXBuildFile; fileRef = 33E5C451247A08290028D0FB /* bango2Tests.swift */; };
		33E5C45D247A08290028D0FB /* bango2UITests.swift in Sources */ = {isa = PBXBuildFile; fileRef = 33E5C45C247A08290028D0FB /* bango2UITests.swift */; };
/* End PBXBuildFile section */

/* Begin PBXContainerItemProxy section */
		33E5C44E247A08290028D0FB /* PBXContainerItemProxy */ = {
			isa = PBXContainerItemProxy;
			containerPortal = 33E5C42F247A08220028D0FB /* Project object */;
			proxyType = 1;
			remoteGlobalIDString = 33E5C436247A08220028D0FB;
			remoteInfo = bango2;
		};
		33E5C459247A08290028D0FB /* PBXContainerItemProxy */ = {
			isa = PBXContainerItemProxy;
			containerPortal = 33E5C42F247A08220028D0FB /* Project object */;
			proxyType = 1;
			remoteGlobalIDString = 33E5C436247A08220028D0FB;
			remoteInfo = bango2;
		};
/* End PBXContainerItemProxy section */

/* Begin PBXFileReference section */
		33E5C437247A08230028D0FB /* bango2.app */ = {isa = PBXFileReference; explicitFileType = wrapper.application; includeInIndex = 0; path = bango2.app; sourceTree = BUILT_PRODUCTS_DIR; };
		33E5C43A247A08230028D0FB /* AppDelegate.swift */ = {isa = PBXFileReference; lastKnownFileType = sourcecode.swift; path = AppDelegate.swift; sourceTree = "<group>"; };
		33E5C43C247A08230028D0FB /* SceneDelegate.swift */ = {isa = PBXFileReference; lastKnownFileType = sourcecode.swift; path = SceneDelegate.swift; sourceTree = "<group>"; };
		33E5C43E247A08230028D0FB /* ViewController.swift */ = {isa = PBXFileReference; lastKnownFileType = sourcecode.swift; path = ViewController.swift; sourceTree = "<group>"; };
		33E5C441247A08230028D0FB /* Base */ = {isa = PBXFileReference; lastKnownFileType = file.storyboard; name = Base; path = Base.lproj/Main.storyboard; sourceTree = "<group>"; };
		33E5C443247A08290028D0FB /* Assets.xcassets */ = {isa = PBXFileReference; lastKnownFileType = folder.assetcatalog; path = Assets.xcassets; sourceTree = "<group>"; };
		33E5C446247A08290028D0FB /* Base */ = {isa = PBXFileReference; lastKnownFileType = file.storyboard; name = Base; path = Base.lproj/LaunchScreen.storyboard; sourceTree = "<group>"; };
		33E5C448247A08290028D0FB /* Info.plist */ = {isa = PBXFileReference; lastKnownFileType = text.plist.xml; path = Info.plist; sourceTree = "<group>"; };
		33E5C44D247A08290028D0FB /* bango2Tests.xctest */ = {isa = PBXFileReference; explicitFileType = wrapper.cfbundle; includeInIndex = 0; path = bango2Tests.xctest; sourceTree = BUILT_PRODUCTS_DIR; };
		33E5C451247A08290028D0FB /* bango2Tests.swift */ = {isa = PBXFileReference; lastKnownFileType = sourcecode.swift; path = bango2Tests.swift; sourceTree = "<group>"; };
		33E5C453247A08290028D0FB /* Info.plist */ = {isa = PBXFileReference; lastKnownFileType = text.plist.xml; path = Info.plist; sourceTree = "<group>"; };
		33E5C458247A08290028D0FB /* bango2UITests.xctest */ = {isa = PBXFileReference; explicitFileType = wrapper.cfbundle; includeInIndex = 0; path = bango2UITests.xctest; sourceTree = BUILT_PRODUCTS_DIR; };
		33E5C45C247A08290028D0FB /* bango2UITests.swift */ = {isa = PBXFileReference; lastKnownFileType = sourcecode.swift; path = bango2UITests.swift; sourceTree = "<group>"; };
		33E5C45E247A08290028D0FB /* Info.plist */ = {isa = PBXFileReference; lastKnownFileType = text.plist.xml; path = Info.plist; sourceTree = "<group>"; };
/* End PBXFileReference section */

/* Begin PBXFrameworksBuildPhase section */
		33E5C434247A08220028D0FB /* Frameworks */ = {
			isa = PBXFrameworksBuildPhase;
			buildActionMask = 2147483647;
			files = (
			);
			runOnlyForDeploymentPostprocessing = 0;
		};
		33E5C44A247A08290028D0FB /* Frameworks */ = {
			isa = PBXFrameworksBuildPhase;
			buildActionMask = 2147483647;
			files = (
			);
			runOnlyForDeploymentPostprocessing = 0;
		};
		33E5C455247A08290028D0FB /* Frameworks */ = {
			isa = PBXFrameworksBuildPhase;
			buildActionMask = 2147483647;
			files = (
			);
			runOnlyForDeploymentPostprocessing = 0;
		};
/* End PBXFrameworksBuildPhase section */

/* Begin PBXGroup section */
		33E5C42E247A08220028D0FB = {
			isa = PBXGroup;
			children = (
				33E5C439247A08230028D0FB /* bango2 */,
				33E5C450247A08290028D0FB /* bango2Tests */,
				33E5C45B247A08290028D0FB /* bango2UITests */,
				33E5C438247A08230028D0FB /* Products */,
			);
			sourceTree = "<group>";
		};
		33E5C438247A08230028D0FB /* Products */ = {
			isa = PBXGroup;
			children = (
				33E5C437247A08230028D0FB /* bango2.app */,
				33E5C44D247A08290028D0FB /* bango2Tests.xctest */,
				33E5C458247A08290028D0FB /* bango2UITests.xctest */,
			);
			name = Products;
			sourceTree = "<group>";
		};
		33E5C439247A08230028D0FB /* bango2 */ = {
			isa = PBXGroup;
			children = (
				33E5C43A247A08230028D0FB /* AppDelegate.swift */,
				33E5C43C247A08230028D0FB /* SceneDelegate.swift */,
				33E5C43E247A08230028D0FB /* ViewController.swift */,
				33E5C440247A08230028D0FB /* Main.storyboard */,
				33E5C443247A08290028D0FB /* Assets.xcassets */,
				33E5C445247A08290028D0FB /* LaunchScreen.storyboard */,
				33E5C448247A08290028D0FB /* Info.plist */,
			);
			path = bango2;
			sourceTree = "<group>";
		};
		33E5C450247A08290028D0FB /* bango2Tests */ = {
			isa = PBXGroup;
			children = (
				33E5C451247A08290028D0FB /* bango2Tests.swift */,
				33E5C453247A08290028D0FB /* Info.plist */,
			);
			path = bango2Tests;
			sourceTree = "<group>";
		};
		33E5C45B247A08290028D0FB /* bango2UITests */ = {
			isa = PBXGroup;
			children = (
				33E5C45C247A08290028D0FB /* bango2UITests.swift */,
				33E5C45E247A08290028D0FB /* Info.plist */,
			);
			path = bango2UITests;
			sourceTree = "<group>";
		};
/* End PBXGroup section */

/* Begin PBXNativeTarget section */
		33E5C436247A08220028D0FB /* bango2 */ = {
			isa = PBXNativeTarget;
			buildConfigurationList = 33E5C461247A08290028D0FB /* Build configuration list for PBXNativeTarget "bango2" */;
			buildPhases = (
				33E5C433247A08220028D0FB /* Sources */,
				33E5C434247A08220028D0FB /* Frameworks */,
				33E5C435247A08220028D0FB /* Resources */,
			);
			buildRules = (
			);
			dependencies = (
			);
			name = bango2;
			productName = bango2;
			productReference = 33E5C437247A08230028D0FB /* bango2.app */;
			productType = "com.apple.product-type.application";
		};
		33E5C44C247A08290028D0FB /* bango2Tests */ = {
			isa = PBXNativeTarget;
			buildConfigurationList = 33E5C464247A08290028D0FB /* Build configuration list for PBXNativeTarget "bango2Tests" */;
			buildPhases = (
				33E5C449247A08290028D0FB /* Sources */,
				33E5C44A247A08290028D0FB /* Frameworks */,
				33E5C44B247A08290028D0FB /* Resources */,
			);
			buildRules = (
			);
			dependencies = (
				33E5C44F247A08290028D0FB /* PBXTargetDependency */,
			);
			name = bango2Tests;
			productName = bango2Tests;
			productReference = 33E5C44D247A08290028D0FB /* bango2Tests.xctest */;
			productType = "com.apple.product-type.bundle.unit-test";
		};
		33E5C457247A08290028D0FB /* bango2UITests */ = {
			isa = PBXNativeTarget;
			buildConfigurationList = 33E5C467247A08290028D0FB /* Build configuration list for PBXNativeTarget "bango2UITests" */;
			buildPhases = (
				33E5C454247A08290028D0FB /* Sources */,
				33E5C455247A08290028D0FB /* Frameworks */,
				33E5C456247A08290028D0FB /* Resources */,
			);
			buildRules = (
			);
			dependencies = (
				33E5C45A247A08290028D0FB /* PBXTargetDependency */,
			);
			name = bango2UITests;
			productName = bango2UITests;
			productReference = 33E5C458247A08290028D0FB /* bango2UITests.xctest */;
			productType = "com.apple.product-type.bundle.ui-testing";
		};
/* End PBXNativeTarget section */

/* Begin PBXProject section */
		33E5C42F247A08220028D0FB /* Project object */ = {
			isa = PBXProject;
			attributes = {
				LastSwiftUpdateCheck = 1140;
				LastUpgradeCheck = 1140;
				ORGANIZATIONNAME = "Nishiwaki sen";
				TargetAttributes = {
					33E5C436247A08220028D0FB = {
						CreatedOnToolsVersion = 11.4.1;
					};
					33E5C44C247A08290028D0FB = {
						CreatedOnToolsVersion = 11.4.1;
						TestTargetID = 33E5C436247A08220028D0FB;
					};
					33E5C457247A08290028D0FB = {
						CreatedOnToolsVersion = 11.4.1;
						TestTargetID = 33E5C436247A08220028D0FB;
					};
				};
			};
			buildConfigurationList = 33E5C432247A08220028D0FB /* Build configuration list for PBXProject "bango2" */;
			compatibilityVersion = "Xcode 9.3";
			developmentRegion = en;
			hasScannedForEncodings = 0;
			knownRegions = (
				en,
				Base,
			);
			mainGroup = 33E5C42E247A08220028D0FB;
			productRefGroup = 33E5C438247A08230028D0FB /* Products */;
			projectDirPath = "";
			projectRoot = "";
			targets = (
				33E5C436247A08220028D0FB /* bango2 */,
				33E5C44C247A08290028D0FB /* bango2Tests */,
				33E5C457247A08290028D0FB /* bango2UITests */,
			);
		};
/* End PBXProject section */

/* Begin PBXResourcesBuildPhase section */
		33E5C435247A08220028D0FB /* Resources */ = {
			isa = PBXResourcesBuildPhase;
			buildActionMask = 2147483647;
			files = (
				33E5C447247A08290028D0FB /* LaunchScreen.storyboard in Resources */,
				33E5C444247A08290028D0FB /* Assets.xcassets in Resources */,
				33E5C442247A08230028D0FB /* Main.storyboard in Resources */,
			);
			runOnlyForDeploymentPostprocessing = 0;
		};
		33E5C44B247A08290028D0FB /* Resources */ = {
			isa = PBXResourcesBuildPhase;
			buildActionMask = 2147483647;
			files = (
			);
			runOnlyForDeploymentPostprocessing = 0;
		};
		33E5C456247A08290028D0FB /* Resources */ = {
			isa = PBXResourcesBuildPhase;
			buildActionMask = 2147483647;
			files = (
			);
			runOnlyForDeploymentPostprocessing = 0;
		};
/* End PBXResourcesBuildPhase section */

/* Begin PBXSourcesBuildPhase section */
		33E5C433247A08220028D0FB /* Sources */ = {
			isa = PBXSourcesBuildPhase;
			buildActionMask = 2147483647;
			files = (
				33E5C43F247A08230028D0FB /* ViewController.swift in Sources */,
				33E5C43B247A08230028D0FB /* AppDelegate.swift in Sources */,
				33E5C43D247A08230028D0FB /* SceneDelegate.swift in Sources */,
			);
			runOnlyForDeploymentPostprocessing = 0;
		};
		33E5C449247A08290028D0FB /* Sources */ = {
			isa = PBXSourcesBuildPhase;
			buildActionMask = 2147483647;
			files = (
				33E5C452247A08290028D0FB /* bango2Tests.swift in Sources */,
			);
			runOnlyForDeploymentPostprocessing = 0;
		};
		33E5C454247A08290028D0FB /* Sources */ = {
			isa = PBXSourcesBuildPhase;
			buildActionMask = 2147483647;
			files = (
				33E5C45D247A08290028D0FB /* bango2UITests.swift in Sources */,
			);
			runOnlyForDeploymentPostprocessing = 0;
		};
/* End PBXSourcesBuildPhase section */

/* Begin PBXTargetDependency section */
		33E5C44F247A08290028D0FB /* PBXTargetDependency */ = {
			isa = PBXTargetDependency;
			target = 33E5C436247A08220028D0FB /* bango2 */;
			targetProxy = 33E5C44E247A08290028D0FB /* PBXContainerItemProxy */;
		};
		33E5C45A247A08290028D0FB /* PBXTargetDependency */ = {
			isa = PBXTargetDependency;
			target = 33E5C436247A08220028D0FB /* bango2 */;
			targetProxy = 33E5C459247A08290028D0FB /* PBXContainerItemProxy */;
		};
/* End PBXTargetDependency section */

/* Begin PBXVariantGroup section */
		33E5C440247A08230028D0FB /* Main.storyboard */ = {
			isa = PBXVariantGroup;
			children = (
				33E5C441247A08230028D0FB /* Base */,
			);
			name = Main.storyboard;
			sourceTree = "<group>";
		};
		33E5C445247A08290028D0FB /* LaunchScreen.storyboard */ = {
			isa = PBXVariantGroup;
			children = (
				33E5C446247A08290028D0FB /* Base */,
			);
			name = LaunchScreen.storyboard;
			sourceTree = "<group>";
		};
/* End PBXVariantGroup section */

/* Begin XCBuildConfiguration section */
		33E5C45F247A08290028D0FB /* Debug */ = {
			isa = XCBuildConfiguration;
			buildSettings = {
				ALWAYS_SEARCH_USER_PATHS = NO;
				CLANG_ANALYZER_NONNULL = YES;
				CLANG_ANALYZER_NUMBER_OBJECT_CONVERSION = YES_AGGRESSIVE;
				CLANG_CXX_LANGUAGE_STANDARD = "gnu++14";
				CLANG_CXX_LIBRARY = "libc++";
				CLANG_ENABLE_MODULES = YES;
				CLANG_ENABLE_OBJC_ARC = YES;
				CLANG_ENABLE_OBJC_WEAK = YES;
				CLANG_WARN_BLOCK_CAPTURE_AUTORELEASING = YES;
				CLANG_WARN_BOOL_CONVERSION = YES;
				CLANG_WARN_COMMA = YES;
				CLANG_WARN_CONSTANT_CONVERSION = YES;
				CLANG_WARN_DEPRECATED_OBJC_IMPLEMENTATIONS = YES;
				CLANG_WARN_DIRECT_OBJC_ISA_USAGE = YES_ERROR;
				CLANG_WARN_DOCUMENTATION_COMMENTS = YES;
				CLANG_WARN_EMPTY_BODY = YES;
				CLANG_WARN_ENUM_CONVERSION = YES;
				CLANG_WARN_INFINITE_RECURSION = YES;
				CLANG_WARN_INT_CONVERSION = YES;
				CLANG_WARN_NON_LITERAL_NULL_CONVERSION = YES;
				CLANG_WARN_OBJC_IMPLICIT_RETAIN_SELF = YES;
				CLANG_WARN_OBJC_LITERAL_CONVERSION = YES;
				CLANG_WARN_OBJC_ROOT_CLASS = YES_ERROR;
				CLANG_WARN_RANGE_LOOP_ANALYSIS = YES;
				CLANG_WARN_STRICT_PROTOTYPES = YES;
				CLANG_WARN_SUSPICIOUS_MOVE = YES;
				CLANG_WARN_UNGUARDED_AVAILABILITY = YES_AGGRESSIVE;
				CLANG_WARN_UNREACHABLE_CODE = YES;
				CLANG_WARN__DUPLICATE_METHOD_MATCH = YES;
				COPY_PHASE_STRIP = NO;
				DEBUG_INFORMATION_FORMAT = dwarf;
				ENABLE_STRICT_OBJC_MSGSEND = YES;
				ENABLE_TESTABILITY = YES;
				GCC_C_LANGUAGE_STANDARD = gnu11;
				GCC_DYNAMIC_NO_PIC = NO;
				GCC_NO_COMMON_BLOCKS = YES;
				GCC_OPTIMIZATION_LEVEL = 0;
				GCC_PREPROCESSOR_DEFINITIONS = (
					"DEBUG=1",
					"$(inherited)",
				);
				GCC_WARN_64_TO_32_BIT_CONVERSION = YES;
				GCC_WARN_ABOUT_RETURN_TYPE = YES_ERROR;
				GCC_WARN_UNDECLARED_SELECTOR = YES;
				GCC_WARN_UNINITIALIZED_AUTOS = YES_AGGRESSIVE;
				GCC_WARN_UNUSED_FUNCTION = YES;
				GCC_WARN_UNUSED_VARIABLE = YES;
				IPHONEOS_DEPLOYMENT_TARGET = 13.4;
				MTL_ENABLE_DEBUG_INFO = INCLUDE_SOURCE;
				MTL_FAST_MATH = YES;
				ONLY_ACTIVE_ARCH = YES;
				SDKROOT = iphoneos;
				SWIFT_ACTIVE_COMPILATION_CONDITIONS = DEBUG;
				SWIFT_OPTIMIZATION_LEVEL = "-Onone";
			};
			name = Debug;
		};
		33E5C460247A08290028D0FB /* Release */ = {
			isa = XCBuildConfiguration;
			buildSettings = {
				ALWAYS_SEARCH_USER_PATHS = NO;
				CLANG_ANALYZER_NONNULL = YES;
				CLANG_ANALYZER_NUMBER_OBJECT_CONVERSION = YES_AGGRESSIVE;
				CLANG_CXX_LANGUAGE_STANDARD = "gnu++14";
				CLANG_CXX_LIBRARY = "libc++";
				CLANG_ENABLE_MODULES = YES;
				CLANG_ENABLE_OBJC_ARC = YES;
				CLANG_ENABLE_OBJC_WEAK = YES;
				CLANG_WARN_BLOCK_CAPTURE_AUTORELEASING = YES;
				CLANG_WARN_BOOL_CONVERSION = YES;
				CLANG_WARN_COMMA = YES;
				CLANG_WARN_CONSTANT_CONVERSION = YES;
				CLANG_WARN_DEPRECATED_OBJC_IMPLEMENTATIONS = YES;
				CLANG_WARN_DIRECT_OBJC_ISA_USAGE = YES_ERROR;
				CLANG_WARN_DOCUMENTATION_COMMENTS = YES;
				CLANG_WARN_EMPTY_BODY = YES;
				CLANG_WARN_ENUM_CONVERSION = YES;
				CLANG_WARN_INFINITE_RECURSION = YES;
				CLANG_WARN_INT_CONVERSION = YES;
				CLANG_WARN_NON_LITERAL_NULL_CONVERSION = YES;
				CLANG_WARN_OBJC_IMPLICIT_RETAIN_SELF = YES;
				CLANG_WARN_OBJC_LITERAL_CONVERSION = YES;
				CLANG_WARN_OBJC_ROOT_CLASS = YES_ERROR;
				CLANG_WARN_RANGE_LOOP_ANALYSIS = YES;
				CLANG_WARN_STRICT_PROTOTYPES = YES;
				CLANG_WARN_SUSPICIOUS_MOVE = YES;
				CLANG_WARN_UNGUARDED_AVAILABILITY = YES_AGGRESSIVE;
				CLANG_WARN_UNREACHABLE_CODE = YES;
				CLANG_WARN__DUPLICATE_METHOD_MATCH = YES;
				COPY_PHASE_STRIP = NO;
				DEBUG_INFORMATION_FORMAT = "dwarf-with-dsym";
				ENABLE_NS_ASSERTIONS = NO;
				ENABLE_STRICT_OBJC_MSGSEND = YES;
				GCC_C_LANGUAGE_STANDARD = gnu11;
				GCC_NO_COMMON_BLOCKS = YES;
				GCC_WARN_64_TO_32_BIT_CONVERSION = YES;
				GCC_WARN_ABOUT_RETURN_TYPE = YES_ERROR;
				GCC_WARN_UNDECLARED_SELECTOR = YES;
				GCC_WARN_UNINITIALIZED_AUTOS = YES_AGGRESSIVE;
				GCC_WARN_UNUSED_FUNCTION = YES;
				GCC_WARN_UNUSED_VARIABLE = YES;
				IPHONEOS_DEPLOYMENT_TARGET = 13.4;
				MTL_ENABLE_DEBUG_INFO = NO;
				MTL_FAST_MATH = YES;
				SDKROOT = iphoneos;
				SWIFT_COMPILATION_MODE = wholemodule;
				SWIFT_OPTIMIZATION_LEVEL = "-O";
				VALIDATE_PRODUCT = YES;
			};
			name = Release;
		};
		33E5C462247A08290028D0FB /* Debug */ = {
			isa = XCBuildConfiguration;
			buildSettings = {
				ASSETCATALOG_COMPILER_APPICON_NAME = AppIcon;
				CODE_SIGN_STYLE = Automatic;
				INFOPLIST_FILE = bango2/Info.plist;
				LD_RUNPATH_SEARCH_PATHS = (
					"$(inherited)",
					"@executable_path/Frameworks",
				);
				PRODUCT_BUNDLE_IDENTIFIER = "Nishiwaki-sen.bango2";
				PRODUCT_NAME = "$(TARGET_NAME)";
				SWIFT_VERSION = 5.0;
				TARGETED_DEVICE_FAMILY = "1,2";
			};
			name = Debug;
		};
		33E5C463247A08290028D0FB /* Release */ = {
			isa = XCBuildConfiguration;
			buildSettings = {
				ASSETCATALOG_COMPILER_APPICON_NAME = AppIcon;
				CODE_SIGN_STYLE = Automatic;
				INFOPLIST_FILE = bango2/Info.plist;
				LD_RUNPATH_SEARCH_PATHS = (
					"$(inherited)",
					"@executable_path/Frameworks",
				);
				PRODUCT_BUNDLE_IDENTIFIER = "Nishiwaki-sen.bango2";
				PRODUCT_NAME = "$(TARGET_NAME)";
				SWIFT_VERSION = 5.0;
				TARGETED_DEVICE_FAMILY = "1,2";
			};
			name = Release;
		};
		33E5C465247A08290028D0FB /* Debug */ = {
			isa = XCBuildConfiguration;
			buildSettings = {
				ALWAYS_EMBED_SWIFT_STANDARD_LIBRARIES = YES;
				BUNDLE_LOADER = "$(TEST_HOST)";
				CODE_SIGN_STYLE = Automatic;
				INFOPLIST_FILE = bango2Tests/Info.plist;
				IPHONEOS_DEPLOYMENT_TARGET = 13.4;
				LD_RUNPATH_SEARCH_PATHS = (
					"$(inherited)",
					"@executable_path/Frameworks",
					"@loader_path/Frameworks",
				);
				PRODUCT_BUNDLE_IDENTIFIER = "Nishiwaki-sen.bango2Tests";
				PRODUCT_NAME = "$(TARGET_NAME)";
				SWIFT_VERSION = 5.0;
				TARGETED_DEVICE_FAMILY = "1,2";
				TEST_HOST = "$(BUILT_PRODUCTS_DIR)/bango2.app/bango2";
			};
			name = Debug;
		};
		33E5C466247A08290028D0FB /* Release */ = {
			isa = XCBuildConfiguration;
			buildSettings = {
				ALWAYS_EMBED_SWIFT_STANDARD_LIBRARIES = YES;
				BUNDLE_LOADER = "$(TEST_HOST)";
				CODE_SIGN_STYLE = Automatic;
				INFOPLIST_FILE = bango2Tests/Info.plist;
				IPHONEOS_DEPLOYMENT_TARGET = 13.4;
				LD_RUNPATH_SEARCH_PATHS = (
					"$(inherited)",
					"@executable_path/Frameworks",
					"@loader_path/Frameworks",
				);
				PRODUCT_BUNDLE_IDENTIFIER = "Nishiwaki-sen.bango2Tests";
				PRODUCT_NAME = "$(TARGET_NAME)";
				SWIFT_VERSION = 5.0;
				TARGETED_DEVICE_FAMILY = "1,2";
				TEST_HOST = "$(BUILT_PRODUCTS_DIR)/bango2.app/bango2";
			};
			name = Release;
		};
		33E5C468247A08290028D0FB /* Debug */ = {
			isa = XCBuildConfiguration;
			buildSettings = {
				ALWAYS_EMBED_SWIFT_STANDARD_LIBRARIES = YES;
				CODE_SIGN_STYLE = Automatic;
				INFOPLIST_FILE = bango2UITests/Info.plist;
				LD_RUNPATH_SEARCH_PATHS = (
					"$(inherited)",
					"@executable_path/Frameworks",
					"@loader_path/Frameworks",
				);
				PRODUCT_BUNDLE_IDENTIFIER = "Nishiwaki-sen.bango2UITests";
				PRODUCT_NAME = "$(TARGET_NAME)";
				SWIFT_VERSION = 5.0;
				TARGETED_DEVICE_FAMILY = "1,2";
				TEST_TARGET_NAME = bango2;
			};
			name = Debug;
		};
		33E5C469247A08290028D0FB /* Release */ = {
			isa = XCBuildConfiguration;
			buildSettings = {
				ALWAYS_EMBED_SWIFT_STANDARD_LIBRARIES = YES;
				CODE_SIGN_STYLE = Automatic;
				INFOPLIST_FILE = bango2UITests/Info.plist;
				LD_RUNPATH_SEARCH_PATHS = (
					"$(inherited)",
					"@executable_path/Frameworks",
					"@loader_path/Frameworks",
				);
				PRODUCT_BUNDLE_IDENTIFIER = "Nishiwaki-sen.bango2UITests";
				PRODUCT_NAME = "$(TARGET_NAME)";
				SWIFT_VERSION = 5.0;
				TARGETED_DEVICE_FAMILY = "1,2";
				TEST_TARGET_NAME = bango2;
			};
			name = Release;
		};
/* End XCBuildConfiguration section */

/* Begin XCConfigurationList section */
		33E5C432247A08220028D0FB /* Build configuration list for PBXProject "bango2" */ = {
			isa = XCConfigurationList;
			buildConfigurations = (
				33E5C45F247A08290028D0FB /* Debug */,
				33E5C460247A08290028D0FB /* Release */,
			);
			defaultConfigurationIsVisible = 0;
			defaultConfigurationName = Release;
		};
		33E5C461247A08290028D0FB /* Build configuration list for PBXNativeTarget "bango2" */ = {
			isa = XCConfigurationList;
			buildConfigurations = (
				33E5C462247A08290028D0FB /* Debug */,
				33E5C463247A08290028D0FB /* Release */,
			);
			defaultConfigurationIsVisible = 0;
			defaultConfigurationName = Release;
		};
		33E5C464247A08290028D0FB /* Build configuration list for PBXNativeTarget "bango2Tests" */ = {
			isa = XCConfigurationList;
			buildConfigurations = (
				33E5C465247A08290028D0FB /* Debug */,
				33E5C466247A08290028D0FB /* Release */,
			);
			defaultConfigurationIsVisible = 0;
			defaultConfigurationName = Release;
		};
		33E5C467247A08290028D0FB /* Build configuration list for PBXNativeTarget "bango2UITests" */ = {
			isa = XCConfigurationList;
			buildConfigurations = (
				33E5C468247A08290028D0FB /* Debug */,
				33E5C469247A08290028D0FB /* Release */,
			);
			defaultConfigurationIsVisible = 0;
			defaultConfigurationName = Release;
		};
/* End XCConfigurationList section */
	};
	rootObject = 33E5C42F247A08220028D0FB /* Project object */;
}
